// !$*UTF8*$!
{
	archiveVersion = 1;
	classes = {
	};
	objectVersion = 56;
	objects = {

/* Begin PBXBuildFile section */
		D3105C152C1818C40055A9DC /* SettingsView.swift in Sources */ = {isa = PBXBuildFile; fileRef = D3105C142C1818C40055A9DC /* SettingsView.swift */; };
		D3105C172C18280A0055A9DC /* CustomListRowView.swift in Sources */ = {isa = PBXBuildFile; fileRef = D3105C162C18280A0055A9DC /* CustomListRowView.swift */; };
		D3B896BE2C16D7FF00CF28D5 /* HikeApp.swift in Sources */ = {isa = PBXBuildFile; fileRef = D3B896BD2C16D7FF00CF28D5 /* HikeApp.swift */; };
		D3B896C02C16D7FF00CF28D5 /* ContentView.swift in Sources */ = {isa = PBXBuildFile; fileRef = D3B896BF2C16D7FF00CF28D5 /* ContentView.swift */; };
		D3B896C22C16D80000CF28D5 /* Assets.xcassets in Resources */ = {isa = PBXBuildFile; fileRef = D3B896C12C16D80000CF28D5 /* Assets.xcassets */; };
		D3B896C52C16D80000CF28D5 /* Preview Assets.xcassets in Resources */ = {isa = PBXBuildFile; fileRef = D3B896C42C16D80000CF28D5 /* Preview Assets.xcassets */; };
		D3B896CC2C16DD5800CF28D5 /* CardView.swift in Sources */ = {isa = PBXBuildFile; fileRef = D3B896CB2C16DD5800CF28D5 /* CardView.swift */; };
		D3B896CF2C16DF2B00CF28D5 /* CustomeBackgroundView.swift in Sources */ = {isa = PBXBuildFile; fileRef = D3B896CE2C16DF2B00CF28D5 /* CustomeBackgroundView.swift */; };
		D3B896D22C16E16A00CF28D5 /* ColorExtension.swift in Sources */ = {isa = PBXBuildFile; fileRef = D3B896D12C16E16A00CF28D5 /* ColorExtension.swift */; };
		D3B896D42C16FBAD00CF28D5 /* CustomButtonView.swift in Sources */ = {isa = PBXBuildFile; fileRef = D3B896D32C16FBAD00CF28D5 /* CustomButtonView.swift */; };
		D3B896D62C170CAD00CF28D5 /* GradientButtonStyle.swift in Sources */ = {isa = PBXBuildFile; fileRef = D3B896D52C170CAD00CF28D5 /* GradientButtonStyle.swift */; };
		D3B896DA2C171B0100CF28D5 /* CustomCircleView.swift in Sources */ = {isa = PBXBuildFile; fileRef = D3B896D92C171B0100CF28D5 /* CustomCircleView.swift */; };
		D3B896DC2C171CF200CF28D5 /* MotionAnimationView.swift in Sources */ = {isa = PBXBuildFile; fileRef = D3B896DB2C171CF200CF28D5 /* MotionAnimationView.swift */; };
/* End PBXBuildFile section */

/* Begin PBXFileReference section */
		D3105C142C1818C40055A9DC /* SettingsView.swift */ = {isa = PBXFileReference; lastKnownFileType = sourcecode.swift; path = SettingsView.swift; sourceTree = "<group>"; };
		D3105C162C18280A0055A9DC /* CustomListRowView.swift */ = {isa = PBXFileReference; lastKnownFileType = sourcecode.swift; path = CustomListRowView.swift; sourceTree = "<group>"; };
		D3B896BA2C16D7FF00CF28D5 /* Hike.app */ = {isa = PBXFileReference; explicitFileType = wrapper.application; includeInIndex = 0; path = Hike.app; sourceTree = BUILT_PRODUCTS_DIR; };
		D3B896BD2C16D7FF00CF28D5 /* HikeApp.swift */ = {isa = PBXFileReference; lastKnownFileType = sourcecode.swift; path = HikeApp.swift; sourceTree = "<group>"; };
		D3B896BF2C16D7FF00CF28D5 /* ContentView.swift */ = {isa = PBXFileReference; lastKnownFileType = sourcecode.swift; path = ContentView.swift; sourceTree = "<group>"; };
		D3B896C12C16D80000CF28D5 /* Assets.xcassets */ = {isa = PBXFileReference; lastKnownFileType = folder.assetcatalog; path = Assets.xcassets; sourceTree = "<group>"; };
		D3B896C42C16D80000CF28D5 /* Preview Assets.xcassets */ = {isa = PBXFileReference; lastKnownFileType = folder.assetcatalog; path = "Preview Assets.xcassets"; sourceTree = "<group>"; };
		D3B896CB2C16DD5800CF28D5 /* CardView.swift */ = {isa = PBXFileReference; lastKnownFileType = sourcecode.swift; path = CardView.swift; sourceTree = "<group>"; };
		D3B896CE2C16DF2B00CF28D5 /* CustomeBackgroundView.swift */ = {isa = PBXFileReference; lastKnownFileType = sourcecode.swift; path = CustomeBackgroundView.swift; sourceTree = "<group>"; };
		D3B896D12C16E16A00CF28D5 /* ColorExtension.swift */ = {isa = PBXFileReference; lastKnownFileType = sourcecode.swift; path = ColorExtension.swift; sourceTree = "<group>"; };
		D3B896D32C16FBAD00CF28D5 /* CustomButtonView.swift */ = {isa = PBXFileReference; lastKnownFileType = sourcecode.swift; path = CustomButtonView.swift; sourceTree = "<group>"; };
		D3B896D52C170CAD00CF28D5 /* GradientButtonStyle.swift */ = {isa = PBXFileReference; lastKnownFileType = sourcecode.swift; path = GradientButtonStyle.swift; sourceTree = "<group>"; };
		D3B896D92C171B0100CF28D5 /* CustomCircleView.swift */ = {isa = PBXFileReference; lastKnownFileType = sourcecode.swift; path = CustomCircleView.swift; sourceTree = "<group>"; };
		D3B896DB2C171CF200CF28D5 /* MotionAnimationView.swift */ = {isa = PBXFileReference; lastKnownFileType = sourcecode.swift; path = MotionAnimationView.swift; sourceTree = "<group>"; };
/* End PBXFileReference section */

/* Begin PBXFrameworksBuildPhase section */
		D3B896B72C16D7FF00CF28D5 /* Frameworks */ = {
			isa = PBXFrameworksBuildPhase;
			buildActionMask = 2147483647;
			files = (
			);
			runOnlyForDeploymentPostprocessing = 0;
		};
/* End PBXFrameworksBuildPhase section */

/* Begin PBXGroup section */
		D3105C132C18189E0055A9DC /* Screen */ = {
			isa = PBXGroup;
			children = (
				D3B896BF2C16D7FF00CF28D5 /* ContentView.swift */,
				D3105C142C1818C40055A9DC /* SettingsView.swift */,
			);
			path = Screen;
			sourceTree = "<group>";
		};
		D3B896B12C16D7FF00CF28D5 = {
			isa = PBXGroup;
			children = (
				D3B896BC2C16D7FF00CF28D5 /* Hike */,
				D3B896BB2C16D7FF00CF28D5 /* Products */,
			);
			sourceTree = "<group>";
		};
		D3B896BB2C16D7FF00CF28D5 /* Products */ = {
			isa = PBXGroup;
			children = (
				D3B896BA2C16D7FF00CF28D5 /* Hike.app */,
			);
			name = Products;
			sourceTree = "<group>";
		};
		D3B896BC2C16D7FF00CF28D5 /* Hike */ = {
			isa = PBXGroup;
			children = (
				D3B896D02C16E15300CF28D5 /* Utility */,
				D3B896BD2C16D7FF00CF28D5 /* HikeApp.swift */,
				D3105C132C18189E0055A9DC /* Screen */,
				D3B896C12C16D80000CF28D5 /* Assets.xcassets */,
				D3B896C32C16D80000CF28D5 /* Preview Content */,
				D3B896CD2C16DEE700CF28D5 /* Component */,
			);
			path = Hike;
			sourceTree = "<group>";
		};
		D3B896C32C16D80000CF28D5 /* Preview Content */ = {
			isa = PBXGroup;
			children = (
				D3B896C42C16D80000CF28D5 /* Preview Assets.xcassets */,
			);
			path = "Preview Content";
			sourceTree = "<group>";
		};
		D3B896CD2C16DEE700CF28D5 /* Component */ = {
			isa = PBXGroup;
			children = (
				D3B896CB2C16DD5800CF28D5 /* CardView.swift */,
				D3B896CE2C16DF2B00CF28D5 /* CustomeBackgroundView.swift */,
				D3B896D32C16FBAD00CF28D5 /* CustomButtonView.swift */,
				D3B896D92C171B0100CF28D5 /* CustomCircleView.swift */,
				D3B896DB2C171CF200CF28D5 /* MotionAnimationView.swift */,
				D3105C162C18280A0055A9DC /* CustomListRowView.swift */,
			);
			path = Component;
			sourceTree = "<group>";
		};
		D3B896D02C16E15300CF28D5 /* Utility */ = {
			isa = PBXGroup;
			children = (
				D3B896D12C16E16A00CF28D5 /* ColorExtension.swift */,
				D3B896D52C170CAD00CF28D5 /* GradientButtonStyle.swift */,
			);
			path = Utility;
			sourceTree = "<group>";
		};
/* End PBXGroup section */

/* Begin PBXNativeTarget section */
		D3B896B92C16D7FF00CF28D5 /* Hike */ = {
			isa = PBXNativeTarget;
			buildConfigurationList = D3B896C82C16D80000CF28D5 /* Build configuration list for PBXNativeTarget "Hike" */;
			buildPhases = (
				D3B896B62C16D7FF00CF28D5 /* Sources */,
				D3B896B72C16D7FF00CF28D5 /* Frameworks */,
				D3B896B82C16D7FF00CF28D5 /* Resources */,
			);
			buildRules = (
			);
			dependencies = (
			);
			name = Hike;
			productName = Hike;
			productReference = D3B896BA2C16D7FF00CF28D5 /* Hike.app */;
			productType = "com.apple.product-type.application";
		};
/* End PBXNativeTarget section */

/* Begin PBXProject section */
		D3B896B22C16D7FF00CF28D5 /* Project object */ = {
			isa = PBXProject;
			attributes = {
				BuildIndependentTargetsInParallel = 1;
				LastSwiftUpdateCheck = 1510;
				LastUpgradeCheck = 1510;
				TargetAttributes = {
					D3B896B92C16D7FF00CF28D5 = {
						CreatedOnToolsVersion = 15.1;
					};
				};
			};
			buildConfigurationList = D3B896B52C16D7FF00CF28D5 /* Build configuration list for PBXProject "Hike" */;
			compatibilityVersion = "Xcode 14.0";
			developmentRegion = en;
			hasScannedForEncodings = 0;
			knownRegions = (
				en,
				Base,
			);
			mainGroup = D3B896B12C16D7FF00CF28D5;
			productRefGroup = D3B896BB2C16D7FF00CF28D5 /* Products */;
			projectDirPath = "";
			projectRoot = "";
			targets = (
				D3B896B92C16D7FF00CF28D5 /* Hike */,
			);
		};
/* End PBXProject section */

/* Begin PBXResourcesBuildPhase section */
		D3B896B82C16D7FF00CF28D5 /* Resources */ = {
			isa = PBXResourcesBuildPhase;
			buildActionMask = 2147483647;
			files = (
				D3B896C52C16D80000CF28D5 /* Preview Assets.xcassets in Resources */,
				D3B896C22C16D80000CF28D5 /* Assets.xcassets in Resources */,
			);
			runOnlyForDeploymentPostprocessing = 0;
		};
/* End PBXResourcesBuildPhase section */

/* Begin PBXSourcesBuildPhase section */
		D3B896B62C16D7FF00CF28D5 /* Sources */ = {
			isa = PBXSourcesBuildPhase;
			buildActionMask = 2147483647;
			files = (
				D3B896C02C16D7FF00CF28D5 /* ContentView.swift in Sources */,
				D3B896DA2C171B0100CF28D5 /* CustomCircleView.swift in Sources */,
				D3105C172C18280A0055A9DC /* CustomListRowView.swift in Sources */,
				D3B896CF2C16DF2B00CF28D5 /* CustomeBackgroundView.swift in Sources */,
				D3B896CC2C16DD5800CF28D5 /* CardView.swift in Sources */,
				D3B896D42C16FBAD00CF28D5 /* CustomButtonView.swift in Sources */,
				D3105C152C1818C40055A9DC /* SettingsView.swift in Sources */,
				D3B896D62C170CAD00CF28D5 /* GradientButtonStyle.swift in Sources */,
				D3B896DC2C171CF200CF28D5 /* MotionAnimationView.swift in Sources */,
				D3B896BE2C16D7FF00CF28D5 /* HikeApp.swift in Sources */,
				D3B896D22C16E16A00CF28D5 /* ColorExtension.swift in Sources */,
			);
			runOnlyForDeploymentPostprocessing = 0;
		};
/* End PBXSourcesBuildPhase section */

/* Begin XCBuildConfiguration section */
		D3B896C62C16D80000CF28D5 /* Debug */ = {
			isa = XCBuildConfiguration;
			buildSettings = {
				ALWAYS_SEARCH_USER_PATHS = NO;
				ASSETCATALOG_COMPILER_GENERATE_SWIFT_ASSET_SYMBOL_EXTENSIONS = YES;
				CLANG_ANALYZER_NONNULL = YES;
				CLANG_ANALYZER_NUMBER_OBJECT_CONVERSION = YES_AGGRESSIVE;
				CLANG_CXX_LANGUAGE_STANDARD = "gnu++20";
				CLANG_ENABLE_MODULES = YES;
				CLANG_ENABLE_OBJC_ARC = YES;
				CLANG_ENABLE_OBJC_WEAK = YES;
				CLANG_WARN_BLOCK_CAPTURE_AUTORELEASING = YES;
				CLANG_WARN_BOOL_CONVERSION = YES;
				CLANG_WARN_COMMA = YES;
				CLANG_WARN_CONSTANT_CONVERSION = YES;
				CLANG_WARN_DEPRECATED_OBJC_IMPLEMENTATIONS = YES;
				CLANG_WARN_DIRECT_OBJC_ISA_USAGE = YES_ERROR;
				CLANG_WARN_DOCUMENTATION_COMMENTS = YES;
				CLANG_WARN_EMPTY_BODY = YES;
				CLANG_WARN_ENUM_CONVERSION = YES;
				CLANG_WARN_INFINITE_RECURSION = YES;
				CLANG_WARN_INT_CONVERSION = YES;
				CLANG_WARN_NON_LITERAL_NULL_CONVERSION = YES;
				CLANG_WARN_OBJC_IMPLICIT_RETAIN_SELF = YES;
				CLANG_WARN_OBJC_LITERAL_CONVERSION = YES;
				CLANG_WARN_OBJC_ROOT_CLASS = YES_ERROR;
				CLANG_WARN_QUOTED_INCLUDE_IN_FRAMEWORK_HEADER = YES;
				CLANG_WARN_RANGE_LOOP_ANALYSIS = YES;
				CLANG_WARN_STRICT_PROTOTYPES = YES;
				CLANG_WARN_SUSPICIOUS_MOVE = YES;
				CLANG_WARN_UNGUARDED_AVAILABILITY = YES_AGGRESSIVE;
				CLANG_WARN_UNREACHABLE_CODE = YES;
				CLANG_WARN__DUPLICATE_METHOD_MATCH = YES;
				COPY_PHASE_STRIP = NO;
				DEBUG_INFORMATION_FORMAT = dwarf;
				ENABLE_STRICT_OBJC_MSGSEND = YES;
				ENABLE_TESTABILITY = YES;
				ENABLE_USER_SCRIPT_SANDBOXING = YES;
				GCC_C_LANGUAGE_STANDARD = gnu17;
				GCC_DYNAMIC_NO_PIC = NO;
				GCC_NO_COMMON_BLOCKS = YES;
				GCC_OPTIMIZATION_LEVEL = 0;
				GCC_PREPROCESSOR_DEFINITIONS = (
					"DEBUG=1",
					"$(inherited)",
				);
				GCC_WARN_64_TO_32_BIT_CONVERSION = YES;
				GCC_WARN_ABOUT_RETURN_TYPE = YES_ERROR;
				GCC_WARN_UNDECLARED_SELECTOR = YES;
				GCC_WARN_UNINITIALIZED_AUTOS = YES_AGGRESSIVE;
				GCC_WARN_UNUSED_FUNCTION = YES;
				GCC_WARN_UNUSED_VARIABLE = YES;
				IPHONEOS_DEPLOYMENT_TARGET = 17.2;
				LOCALIZATION_PREFERS_STRING_CATALOGS = YES;
				MTL_ENABLE_DEBUG_INFO = INCLUDE_SOURCE;
				MTL_FAST_MATH = YES;
				ONLY_ACTIVE_ARCH = YES;
				SDKROOT = iphoneos;
				SWIFT_ACTIVE_COMPILATION_CONDITIONS = "DEBUG $(inherited)";
				SWIFT_OPTIMIZATION_LEVEL = "-Onone";
			};
			name = Debug;
		};
		D3B896C72C16D80000CF28D5 /* Release */ = {
			isa = XCBuildConfiguration;
			buildSettings = {
				ALWAYS_SEARCH_USER_PATHS = NO;
				ASSETCATALOG_COMPILER_GENERATE_SWIFT_ASSET_SYMBOL_EXTENSIONS = YES;
				CLANG_ANALYZER_NONNULL = YES;
				CLANG_ANALYZER_NUMBER_OBJECT_CONVERSION = YES_AGGRESSIVE;
				CLANG_CXX_LANGUAGE_STANDARD = "gnu++20";
				CLANG_ENABLE_MODULES = YES;
				CLANG_ENABLE_OBJC_ARC = YES;
				CLANG_ENABLE_OBJC_WEAK = YES;
				CLANG_WARN_BLOCK_CAPTURE_AUTORELEASING = YES;
				CLANG_WARN_BOOL_CONVERSION = YES;
				CLANG_WARN_COMMA = YES;
				CLANG_WARN_CONSTANT_CONVERSION = YES;
				CLANG_WARN_DEPRECATED_OBJC_IMPLEMENTATIONS = YES;
				CLANG_WARN_DIRECT_OBJC_ISA_USAGE = YES_ERROR;
				CLANG_WARN_DOCUMENTATION_COMMENTS = YES;
				CLANG_WARN_EMPTY_BODY = YES;
				CLANG_WARN_ENUM_CONVERSION = YES;
				CLANG_WARN_INFINITE_RECURSION = YES;
				CLANG_WARN_INT_CONVERSION = YES;
				CLANG_WARN_NON_LITERAL_NULL_CONVERSION = YES;
				CLANG_WARN_OBJC_IMPLICIT_RETAIN_SELF = YES;
				CLANG_WARN_OBJC_LITERAL_CONVERSION = YES;
				CLANG_WARN_OBJC_ROOT_CLASS = YES_ERROR;
				CLANG_WARN_QUOTED_INCLUDE_IN_FRAMEWORK_HEADER = YES;
				CLANG_WARN_RANGE_LOOP_ANALYSIS = YES;
				CLANG_WARN_STRICT_PROTOTYPES = YES;
				CLANG_WARN_SUSPICIOUS_MOVE = YES;
				CLANG_WARN_UNGUARDED_AVAILABILITY = YES_AGGRESSIVE;
				CLANG_WARN_UNREACHABLE_CODE = YES;
				CLANG_WARN__DUPLICATE_METHOD_MATCH = YES;
				COPY_PHASE_STRIP = NO;
				DEBUG_INFORMATION_FORMAT = "dwarf-with-dsym";
				ENABLE_NS_ASSERTIONS = NO;
				ENABLE_STRICT_OBJC_MSGSEND = YES;
				ENABLE_USER_SCRIPT_SANDBOXING = YES;
				GCC_C_LANGUAGE_STANDARD = gnu17;
				GCC_NO_COMMON_BLOCKS = YES;
				GCC_WARN_64_TO_32_BIT_CONVERSION = YES;
				GCC_WARN_ABOUT_RETURN_TYPE = YES_ERROR;
				GCC_WARN_UNDECLARED_SELECTOR = YES;
				GCC_WARN_UNINITIALIZED_AUTOS = YES_AGGRESSIVE;
				GCC_WARN_UNUSED_FUNCTION = YES;
				GCC_WARN_UNUSED_VARIABLE = YES;
				IPHONEOS_DEPLOYMENT_TARGET = 17.2;
				LOCALIZATION_PREFERS_STRING_CATALOGS = YES;
				MTL_ENABLE_DEBUG_INFO = NO;
				MTL_FAST_MATH = YES;
				SDKROOT = iphoneos;
				SWIFT_COMPILATION_MODE = wholemodule;
				VALIDATE_PRODUCT = YES;
			};
			name = Release;
		};
		D3B896C92C16D80000CF28D5 /* Debug */ = {
			isa = XCBuildConfiguration;
			buildSettings = {
				ASSETCATALOG_COMPILER_ALTERNATE_APPICON_NAMES = "AppIcon-MagnifyingGlass AppIcon-Backpack AppIcon-Camera AppIcon-Campfire AppIcon-Map AppIcon-Mushroom";
				ASSETCATALOG_COMPILER_APPICON_NAME = AppIcon;
				ASSETCATALOG_COMPILER_GLOBAL_ACCENT_COLOR_NAME = AccentColor;
				ASSETCATALOG_COMPILER_INCLUDE_ALL_APPICON_ASSETS = YES;
				CODE_SIGN_STYLE = Automatic;
				CURRENT_PROJECT_VERSION = 1;
				DEVELOPMENT_ASSET_PATHS = "\"Hike/Preview Content\"";
				ENABLE_PREVIEWS = YES;
				GENERATE_INFOPLIST_FILE = YES;
				INFOPLIST_KEY_UIApplicationSceneManifest_Generation = YES;
				INFOPLIST_KEY_UIApplicationSupportsIndirectInputEvents = YES;
				INFOPLIST_KEY_UILaunchScreen_Generation = YES;
				INFOPLIST_KEY_UISupportedInterfaceOrientations_iPad = "UIInterfaceOrientationPortrait UIInterfaceOrientationPortraitUpsideDown UIInterfaceOrientationLandscapeLeft UIInterfaceOrientationLandscapeRight";
				INFOPLIST_KEY_UISupportedInterfaceOrientations_iPhone = "UIInterfaceOrientationPortrait UIInterfaceOrientationLandscapeLeft UIInterfaceOrientationLandscapeRight";
				LD_RUNPATH_SEARCH_PATHS = (
					"$(inherited)",
					"@executable_path/Frameworks",
				);
				MARKETING_VERSION = 1.0;
				PRODUCT_BUNDLE_IDENTIFIER = comviva.Hike;
				PRODUCT_NAME = "$(TARGET_NAME)";
				SWIFT_EMIT_LOC_STRINGS = YES;
				SWIFT_VERSION = 5.0;
				TARGETED_DEVICE_FAMILY = "1,2";
			};
			name = Debug;
		};
		D3B896CA2C16D80000CF28D5 /* Release */ = {
			isa = XCBuildConfiguration;
			buildSettings = {
				ASSETCATALOG_COMPILER_ALTERNATE_APPICON_NAMES = "AppIcon-MagnifyingGlass AppIcon-Backpack AppIcon-Camera AppIcon-Campfire AppIcon-Map AppIcon-Mushroom";
				ASSETCATALOG_COMPILER_APPICON_NAME = AppIcon;
				ASSETCATALOG_COMPILER_GLOBAL_ACCENT_COLOR_NAME = AccentColor;
				ASSETCATALOG_COMPILER_INCLUDE_ALL_APPICON_ASSETS = YES;
				CODE_SIGN_STYLE = Automatic;
				CURRENT_PROJECT_VERSION = 1;
				DEVELOPMENT_ASSET_PATHS = "\"Hike/Preview Content\"";
				ENABLE_PREVIEWS = YES;
				GENERATE_INFOPLIST_FILE = YES;
				INFOPLIST_KEY_UIApplicationSceneManifest_Generation = YES;
				INFOPLIST_KEY_UIApplicationSupportsIndirectInputEvents = YES;
				INFOPLIST_KEY_UILaunchScreen_Generation = YES;
				INFOPLIST_KEY_UISupportedInterfaceOrientations_iPad = "UIInterfaceOrientationPortrait UIInterfaceOrientationPortraitUpsideDown UIInterfaceOrientationLandscapeLeft UIInterfaceOrientationLandscapeRight";
				INFOPLIST_KEY_UISupportedInterfaceOrientations_iPhone = "UIInterfaceOrientationPortrait UIInterfaceOrientationLandscapeLeft UIInterfaceOrientationLandscapeRight";
				LD_RUNPATH_SEARCH_PATHS = (
					"$(inherited)",
					"@executable_path/Frameworks",
				);
				MARKETING_VERSION = 1.0;
				PRODUCT_BUNDLE_IDENTIFIER = comviva.Hike;
				PRODUCT_NAME = "$(TARGET_NAME)";
				SWIFT_EMIT_LOC_STRINGS = YES;
				SWIFT_VERSION = 5.0;
				TARGETED_DEVICE_FAMILY = "1,2";
			};
			name = Release;
		};
/* End XCBuildConfiguration section */

/* Begin XCConfigurationList section */
		D3B896B52C16D7FF00CF28D5 /* Build configuration list for PBXProject "Hike" */ = {
			isa = XCConfigurationList;
			buildConfigurations = (
				D3B896C62C16D80000CF28D5 /* Debug */,
				D3B896C72C16D80000CF28D5 /* Release */,
			);
			defaultConfigurationIsVisible = 0;
			defaultConfigurationName = Release;
		};
		D3B896C82C16D80000CF28D5 /* Build configuration list for PBXNativeTarget "Hike" */ = {
			isa = XCConfigurationList;
			buildConfigurations = (
				D3B896C92C16D80000CF28D5 /* Debug */,
				D3B896CA2C16D80000CF28D5 /* Release */,
			);
			defaultConfigurationIsVisible = 0;
			defaultConfigurationName = Release;
		};
/* End XCConfigurationList section */
	};
	rootObject = D3B896B22C16D7FF00CF28D5 /* Project object */;
}
